
Microsoft Visual Studio Solution File, Format Version 12.00
# Visual Studio Version 17
VisualStudioVersion = 17.7.34031.279
MinimumVisualStudioVersion = 10.0.40219.1
Project("{888888A0-9F3D-457C-B088-3A5042F75D52}") = "Wordle Clone Final", "Wordle Clone Final.pyproj", "{1384F4F6-3268-4B6A-9150-146806044678}"
EndProject
Global
	GlobalSection(SolutionConfigurationPlatforms) = preSolution
		Debug|Any CPU = Debug|Any CPU
		Release|Any CPU = Release|Any CPU
	EndGlobalSection
	GlobalSection(ProjectConfigurationPlatforms) = postSolution
		{1384F4F6-3268-4B6A-9150-146806044678}.Debug|Any CPU.ActiveCfg = Debug|Any CPU
		{1384F4F6-3268-4B6A-9150-146806044678}.Release|Any CPU.ActiveCfg = Release|Any CPU
	EndGlobalSection
	GlobalSection(SolutionProperties) = preSolution
		HideSolutionNode = FALSE
	EndGlobalSection
	GlobalSection(ExtensibilityGlobals) = postSolution
		SolutionGuid = {40D4E005-3515-4236-8B45-C4CD07CD3163}
	EndGlobalSection
EndGlobal
